// !$*UTF8*$!
{
	archiveVersion = 1;
	classes = {
	};
	objectVersion = 77;
	objects = {

/* Begin PBXBuildFile section */
		217C4F0A47B150B6AE039247 /* Web in Resources */ = {isa = PBXBuildFile; fileRef = A2C96C0B1E01D024EFEA219B /* Web */; };
		443A702C27E320F8A58BF412 /* TidysetWebViewMac.swift in Sources */ = {isa = PBXBuildFile; fileRef = EF12F02E20710A02D9498150 /* TidysetWebViewMac.swift */; };
		6FADE363A3FD56FF37DAE437 /* Assets.xcassets in Resources */ = {isa = PBXBuildFile; fileRef = 184BEF4158BE036A1E2A5BE6 /* Assets.xcassets */; };
		78E15E5379C820C05C85F27B /* PrivacyInfo.xcprivacy in Resources */ = {isa = PBXBuildFile; fileRef = A4E445026F5FA666F47952A8 /* PrivacyInfo.xcprivacy */; };
		7F32BD927E92906DDEE9D954 /* AccessManager.swift in Sources */ = {isa = PBXBuildFile; fileRef = 6EF6A3C15FCDCEC3B396DDE9 /* AccessManager.swift */; };
		DA2D399EDF78B0C2A2CAF2C4 /* TidysetWebView.swift in Sources */ = {isa = PBXBuildFile; fileRef = 8A2E96FB1C70D7123BBAFBCC /* TidysetWebView.swift */; };
		FB971E296C017C4D34670AD0 /* TidysetApp.swift in Sources */ = {isa = PBXBuildFile; fileRef = 220F6D9027A422E2D5A3C876 /* TidysetApp.swift */; };
/* End PBXBuildFile section */

/* Begin PBXFileReference section */
		184BEF4158BE036A1E2A5BE6 /* Assets.xcassets */ = {isa = PBXFileReference; lastKnownFileType = folder.assetcatalog; path = Assets.xcassets; sourceTree = "<group>"; };
		220F6D9027A422E2D5A3C876 /* TidysetApp.swift */ = {isa = PBXFileReference; lastKnownFileType = sourcecode.swift; path = TidysetApp.swift; sourceTree = "<group>"; };
		60BE8639EBECFBEFB4109ADC /* Tidyset.app */ = {isa = PBXFileReference; includeInIndex = 0; lastKnownFileType = wrapper.application; path = Tidyset.app; sourceTree = BUILT_PRODUCTS_DIR; };
		6EF6A3C15FCDCEC3B396DDE9 /* AccessManager.swift */ = {isa = PBXFileReference; lastKnownFileType = sourcecode.swift; path = AccessManager.swift; sourceTree = "<group>"; };
		8A2E96FB1C70D7123BBAFBCC /* TidysetWebView.swift */ = {isa = PBXFileReference; lastKnownFileType = sourcecode.swift; path = TidysetWebView.swift; sourceTree = "<group>"; };
		A2C96C0B1E01D024EFEA219B /* Web */ = {isa = PBXFileReference; lastKnownFileType = folder; name = Web; path = Resources/Web; sourceTree = SOURCE_ROOT; };
		A4E445026F5FA666F47952A8 /* PrivacyInfo.xcprivacy */ = {isa = PBXFileReference; path = PrivacyInfo.xcprivacy; sourceTree = "<group>"; };
		EF12F02E20710A02D9498150 /* TidysetWebViewMac.swift */ = {isa = PBXFileReference; lastKnownFileType = sourcecode.swift; path = TidysetWebViewMac.swift; sourceTree = "<group>"; };
/* End PBXFileReference section */

/* Begin PBXGroup section */
		024043077B0AA3EE761B828D /* Resources */ = {
			isa = PBXGroup;
			children = (
				184BEF4158BE036A1E2A5BE6 /* Assets.xcassets */,
				A4E445026F5FA666F47952A8 /* PrivacyInfo.xcprivacy */,
				A2C96C0B1E01D024EFEA219B /* Web */,
			);
			path = Resources;
			sourceTree = "<group>";
		};
		0297DDCE0072BDB16D235307 /* Products */ = {
			isa = PBXGroup;
			children = (
				60BE8639EBECFBEFB4109ADC /* Tidyset.app */,
			);
			name = Products;
			sourceTree = "<group>";
		};
		8D2C164629D18F275613629C = {
			isa = PBXGroup;
			children = (
				024043077B0AA3EE761B828D /* Resources */,
				A4BC1FEACF13054DEB662463 /* Sources */,
				0297DDCE0072BDB16D235307 /* Products */,
			);
			sourceTree = "<group>";
		};
		A4BC1FEACF13054DEB662463 /* Sources */ = {
			isa = PBXGroup;
			children = (
				6EF6A3C15FCDCEC3B396DDE9 /* AccessManager.swift */,
				220F6D9027A422E2D5A3C876 /* TidysetApp.swift */,
				8A2E96FB1C70D7123BBAFBCC /* TidysetWebView.swift */,
				EF12F02E20710A02D9498150 /* TidysetWebViewMac.swift */,
			);
			path = Sources;
			sourceTree = "<group>";
		};
/* End PBXGroup section */

/* Begin PBXNativeTarget section */
		D1701E8E074B4036AAC53CF0 /* Tidyset */ = {
			isa = PBXNativeTarget;
			buildConfigurationList = 4EC49B28F86AA78EA47F1003 /* Build configuration list for PBXNativeTarget "Tidyset" */;
			buildPhases = (
				F93A042BFA51779EF4B05E3F /* Sources */,
				7EB61CBD765FAE8ABFB66D38 /* Resources */,
			);
			buildRules = (
			);
			dependencies = (
			);
			name = Tidyset;
			packageProductDependencies = (
			);
			productName = Tidyset;
			productReference = 60BE8639EBECFBEFB4109ADC /* Tidyset.app */;
			productType = "com.apple.product-type.application";
		};
/* End PBXNativeTarget section */

/* Begin PBXProject section */
		E87FB45716C8F491D8D28D45 /* Project object */ = {
			isa = PBXProject;
			attributes = {
				BuildIndependentTargetsInParallel = YES;
				LastUpgradeCheck = 1430;
				TargetAttributes = {
					D1701E8E074B4036AAC53CF0 = {
						DevelopmentTeam = 24UCS53598;
						ProvisioningStyle = Automatic;
					};
				};
			};
			buildConfigurationList = 7ACDA536FEEE01C43D5CF85A /* Build configuration list for PBXProject "TidysetMobile" */;
			developmentRegion = en;
			hasScannedForEncodings = 0;
			knownRegions = (
				Base,
				en,
			);
			mainGroup = 8D2C164629D18F275613629C;
			minimizedProjectReferenceProxies = 1;
			preferredProjectObjectVersion = 77;
			productRefGroup = 0297DDCE0072BDB16D235307 /* Products */;
			projectDirPath = "";
			projectRoot = "";
			targets = (
				D1701E8E074B4036AAC53CF0 /* Tidyset */,
			);
		};
/* End PBXProject section */

/* Begin PBXResourcesBuildPhase section */
		7EB61CBD765FAE8ABFB66D38 /* Resources */ = {
			isa = PBXResourcesBuildPhase;
			buildActionMask = 2147483647;
			files = (
				6FADE363A3FD56FF37DAE437 /* Assets.xcassets in Resources */,
				78E15E5379C820C05C85F27B /* PrivacyInfo.xcprivacy in Resources */,
				217C4F0A47B150B6AE039247 /* Web in Resources */,
			);
			runOnlyForDeploymentPostprocessing = 0;
		};
/* End PBXResourcesBuildPhase section */

/* Begin PBXSourcesBuildPhase section */
		F93A042BFA51779EF4B05E3F /* Sources */ = {
			isa = PBXSourcesBuildPhase;
			buildActionMask = 2147483647;
			files = (
				7F32BD927E92906DDEE9D954 /* AccessManager.swift in Sources */,
				FB971E296C017C4D34670AD0 /* TidysetApp.swift in Sources */,
				DA2D399EDF78B0C2A2CAF2C4 /* TidysetWebView.swift in Sources */,
				443A702C27E320F8A58BF412 /* TidysetWebViewMac.swift in Sources */,
			);
			runOnlyForDeploymentPostprocessing = 0;
		};
/* End PBXSourcesBuildPhase section */

/* Begin XCBuildConfiguration section */
		1F4F27251524EAD1832990BD /* Debug */ = {
			isa = XCBuildConfiguration;
			buildSettings = {
				ALWAYS_SEARCH_USER_PATHS = NO;
				CLANG_ANALYZER_NONNULL = YES;
				CLANG_ANALYZER_NUMBER_OBJECT_CONVERSION = YES_AGGRESSIVE;
				CLANG_CXX_LANGUAGE_STANDARD = "gnu++14";
				CLANG_CXX_LIBRARY = "libc++";
				CLANG_ENABLE_MODULES = YES;
				CLANG_ENABLE_OBJC_ARC = YES;
				CLANG_ENABLE_OBJC_WEAK = YES;
				CLANG_WARN_BLOCK_CAPTURE_AUTORELEASING = YES;
				CLANG_WARN_BOOL_CONVERSION = YES;
				CLANG_WARN_COMMA = YES;
				CLANG_WARN_CONSTANT_CONVERSION = YES;
				CLANG_WARN_DEPRECATED_OBJC_IMPLEMENTATIONS = YES;
				CLANG_WARN_DIRECT_OBJC_ISA_USAGE = YES_ERROR;
				CLANG_WARN_DOCUMENTATION_COMMENTS = YES;
				CLANG_WARN_EMPTY_BODY = YES;
				CLANG_WARN_ENUM_CONVERSION = YES;
				CLANG_WARN_INFINITE_RECURSION = YES;
				CLANG_WARN_INT_CONVERSION = YES;
				CLANG_WARN_NON_LITERAL_NULL_CONVERSION = YES;
				CLANG_WARN_OBJC_IMPLICIT_RETAIN_SELF = YES;
				CLANG_WARN_OBJC_LITERAL_CONVERSION = YES;
				CLANG_WARN_OBJC_ROOT_CLASS = YES_ERROR;
				CLANG_WARN_QUOTED_INCLUDE_IN_FRAMEWORK_HEADER = YES;
				CLANG_WARN_RANGE_LOOP_ANALYSIS = YES;
				CLANG_WARN_STRICT_PROTOTYPES = YES;
				CLANG_WARN_SUSPICIOUS_MOVE = YES;
				CLANG_WARN_UNGUARDED_AVAILABILITY = YES_AGGRESSIVE;
				CLANG_WARN_UNREACHABLE_CODE = YES;
				CLANG_WARN__DUPLICATE_METHOD_MATCH = YES;
				CODE_SIGN_STYLE = Automatic;
				COPY_PHASE_STRIP = NO;
				CURRENT_PROJECT_VERSION = 120;
				DEBUG_INFORMATION_FORMAT = dwarf;
				DEVELOPMENT_TEAM = 24UCS53598;
				ENABLE_STRICT_OBJC_MSGSEND = YES;
				ENABLE_TESTABILITY = YES;
				GCC_C_LANGUAGE_STANDARD = gnu11;
				GCC_DYNAMIC_NO_PIC = NO;
				GCC_NO_COMMON_BLOCKS = YES;
				GCC_OPTIMIZATION_LEVEL = 0;
				GCC_PREPROCESSOR_DEFINITIONS = (
					"$(inherited)",
					"DEBUG=1",
				);
				GCC_WARN_64_TO_32_BIT_CONVERSION = YES;
				GCC_WARN_ABOUT_RETURN_TYPE = YES_ERROR;
				GCC_WARN_UNDECLARED_SELECTOR = YES;
				GCC_WARN_UNINITIALIZED_AUTOS = YES_AGGRESSIVE;
				GCC_WARN_UNUSED_FUNCTION = YES;
				GCC_WARN_UNUSED_VARIABLE = YES;
				GENERATE_INFOPLIST_FILE = YES;
				IPHONEOS_DEPLOYMENT_TARGET = 17.0;
				MACOSX_DEPLOYMENT_TARGET = 14.0;
				MARKETING_VERSION = 1.1;
				MTL_ENABLE_DEBUG_INFO = INCLUDE_SOURCE;
				MTL_FAST_MATH = YES;
				ONLY_ACTIVE_ARCH = YES;
				PRODUCT_NAME = "$(TARGET_NAME)";
				SDKROOT = auto;
				SWIFT_ACTIVE_COMPILATION_CONDITIONS = DEBUG;
				SWIFT_OPTIMIZATION_LEVEL = "-Onone";
				SWIFT_VERSION = 5.0;
			};
			name = Debug;
		};
		3832D5991A6B0C20B94797D1 /* Release */ = {
			isa = XCBuildConfiguration;
			buildSettings = {
				ASSETCATALOG_COMPILER_APPICON_NAME = AppIcon;
				"CODE_SIGN_ENTITLEMENTS[sdk=macosx*]" = "Resources/Tidyset-macOS.entitlements";
				CODE_SIGN_IDENTITY = "iPhone Developer";
				INFOPLIST_KEY_CFBundleDisplayName = Tidyset;
				INFOPLIST_KEY_LSApplicationCategoryType = "public.app-category.productivity";
				INFOPLIST_KEY_LSSupportsOpeningDocumentsInPlace = YES;
				INFOPLIST_KEY_UIApplicationSceneManifest_Generation = YES;
				INFOPLIST_KEY_UIFileSharingEnabled = YES;
				INFOPLIST_KEY_UILaunchScreen_Generation = YES;
				INFOPLIST_KEY_UISupportedInterfaceOrientations = "UIInterfaceOrientationPortrait UIInterfaceOrientationLandscapeLeft UIInterfaceOrientationLandscapeRight";
				INFOPLIST_KEY_UISupportedInterfaceOrientations_iPad = "UIInterfaceOrientationPortrait UIInterfaceOrientationPortraitUpsideDown UIInterfaceOrientationLandscapeLeft UIInterfaceOrientationLandscapeRight";
				LD_RUNPATH_SEARCH_PATHS = (
					"$(inherited)",
					"@executable_path/Frameworks",
				);
				PRODUCT_BUNDLE_IDENTIFIER = com.lukemclaughlin.tidyset;
				PRODUCT_NAME = Tidyset;
				SDKROOT = auto;
				SUPPORTED_PLATFORMS = "iphoneos iphonesimulator macosx";
				SUPPORTS_MACCATALYST = NO;
				SUPPORTS_MAC_DESIGNED_FOR_IPHONE_IPAD = NO;
				SUPPORTS_XR_DESIGNED_FOR_IPHONE_IPAD = YES;
				TARGETED_DEVICE_FAMILY = "1,2";
			};
			name = Release;
		};
		BBAEA4808D103776354F3469 /* Release */ = {
			isa = XCBuildConfiguration;
			buildSettings = {
				ALWAYS_SEARCH_USER_PATHS = NO;
				CLANG_ANALYZER_NONNULL = YES;
				CLANG_ANALYZER_NUMBER_OBJECT_CONVERSION = YES_AGGRESSIVE;
				CLANG_CXX_LANGUAGE_STANDARD = "gnu++14";
				CLANG_CXX_LIBRARY = "libc++";
				CLANG_ENABLE_MODULES = YES;
				CLANG_ENABLE_OBJC_ARC = YES;
				CLANG_ENABLE_OBJC_WEAK = YES;
				CLANG_WARN_BLOCK_CAPTURE_AUTORELEASING = YES;
				CLANG_WARN_BOOL_CONVERSION = YES;
				CLANG_WARN_COMMA = YES;
				CLANG_WARN_CONSTANT_CONVERSION = YES;
				CLANG_WARN_DEPRECATED_OBJC_IMPLEMENTATIONS = YES;
				CLANG_WARN_DIRECT_OBJC_ISA_USAGE = YES_ERROR;
				CLANG_WARN_DOCUMENTATION_COMMENTS = YES;
				CLANG_WARN_EMPTY_BODY = YES;
				CLANG_WARN_ENUM_CONVERSION = YES;
				CLANG_WARN_INFINITE_RECURSION = YES;
				CLANG_WARN_INT_CONVERSION = YES;
				CLANG_WARN_NON_LITERAL_NULL_CONVERSION = YES;
				CLANG_WARN_OBJC_IMPLICIT_RETAIN_SELF = YES;
				CLANG_WARN_OBJC_LITERAL_CONVERSION = YES;
				CLANG_WARN_OBJC_ROOT_CLASS = YES_ERROR;
				CLANG_WARN_QUOTED_INCLUDE_IN_FRAMEWORK_HEADER = YES;
				CLANG_WARN_RANGE_LOOP_ANALYSIS = YES;
				CLANG_WARN_STRICT_PROTOTYPES = YES;
				CLANG_WARN_SUSPICIOUS_MOVE = YES;
				CLANG_WARN_UNGUARDED_AVAILABILITY = YES_AGGRESSIVE;
				CLANG_WARN_UNREACHABLE_CODE = YES;
				CLANG_WARN__DUPLICATE_METHOD_MATCH = YES;
				CODE_SIGN_STYLE = Automatic;
				COPY_PHASE_STRIP = NO;
				CURRENT_PROJECT_VERSION = 120;
				DEBUG_INFORMATION_FORMAT = "dwarf-with-dsym";
				DEVELOPMENT_TEAM = 24UCS53598;
				ENABLE_NS_ASSERTIONS = NO;
				ENABLE_STRICT_OBJC_MSGSEND = YES;
				GCC_C_LANGUAGE_STANDARD = gnu11;
				GCC_NO_COMMON_BLOCKS = YES;
				GCC_WARN_64_TO_32_BIT_CONVERSION = YES;
				GCC_WARN_ABOUT_RETURN_TYPE = YES_ERROR;
				GCC_WARN_UNDECLARED_SELECTOR = YES;
				GCC_WARN_UNINITIALIZED_AUTOS = YES_AGGRESSIVE;
				GCC_WARN_UNUSED_FUNCTION = YES;
				GCC_WARN_UNUSED_VARIABLE = YES;
				GENERATE_INFOPLIST_FILE = YES;
				IPHONEOS_DEPLOYMENT_TARGET = 17.0;
				MACOSX_DEPLOYMENT_TARGET = 14.0;
				MARKETING_VERSION = 1.1;
				MTL_ENABLE_DEBUG_INFO = NO;
				MTL_FAST_MATH = YES;
				PRODUCT_NAME = "$(TARGET_NAME)";
				SDKROOT = auto;
				SWIFT_COMPILATION_MODE = wholemodule;
				SWIFT_OPTIMIZATION_LEVEL = "-O";
				SWIFT_VERSION = 5.0;
			};
			name = Release;
		};
		FAFE88E27BE8CD244E8D6EBB /* Debug */ = {
			isa = XCBuildConfiguration;
			buildSettings = {
				ASSETCATALOG_COMPILER_APPICON_NAME = AppIcon;
				"CODE_SIGN_ENTITLEMENTS[sdk=macosx*]" = "Resources/Tidyset-macOS.entitlements";
				CODE_SIGN_IDENTITY = "iPhone Developer";
				INFOPLIST_KEY_CFBundleDisplayName = Tidyset;
				INFOPLIST_KEY_LSApplicationCategoryType = "public.app-category.productivity";
				INFOPLIST_KEY_LSSupportsOpeningDocumentsInPlace = YES;
				INFOPLIST_KEY_UIApplicationSceneManifest_Generation = YES;
				INFOPLIST_KEY_UIFileSharingEnabled = YES;
				INFOPLIST_KEY_UILaunchScreen_Generation = YES;
				INFOPLIST_KEY_UISupportedInterfaceOrientations = "UIInterfaceOrientationPortrait UIInterfaceOrientationLandscapeLeft UIInterfaceOrientationLandscapeRight";
				INFOPLIST_KEY_UISupportedInterfaceOrientations_iPad = "UIInterfaceOrientationPortrait UIInterfaceOrientationPortraitUpsideDown UIInterfaceOrientationLandscapeLeft UIInterfaceOrientationLandscapeRight";
				LD_RUNPATH_SEARCH_PATHS = (
					"$(inherited)",
					"@executable_path/Frameworks",
				);
				PRODUCT_BUNDLE_IDENTIFIER = com.lukemclaughlin.tidyset;
				PRODUCT_NAME = Tidyset;
				SDKROOT = auto;
				SUPPORTED_PLATFORMS = "iphoneos iphonesimulator macosx";
				SUPPORTS_MACCATALYST = NO;
				SUPPORTS_MAC_DESIGNED_FOR_IPHONE_IPAD = NO;
				SUPPORTS_XR_DESIGNED_FOR_IPHONE_IPAD = YES;
				TARGETED_DEVICE_FAMILY = "1,2";
			};
			name = Debug;
		};
/* End XCBuildConfiguration section */

/* Begin XCConfigurationList section */
		4EC49B28F86AA78EA47F1003 /* Build configuration list for PBXNativeTarget "Tidyset" */ = {
			isa = XCConfigurationList;
			buildConfigurations = (
				FAFE88E27BE8CD244E8D6EBB /* Debug */,
				3832D5991A6B0C20B94797D1 /* Release */,
			);
			defaultConfigurationIsVisible = 0;
			defaultConfigurationName = Debug;
		};
		7ACDA536FEEE01C43D5CF85A /* Build configuration list for PBXProject "TidysetMobile" */ = {
			isa = XCConfigurationList;
			buildConfigurations = (
				1F4F27251524EAD1832990BD /* Debug */,
				BBAEA4808D103776354F3469 /* Release */,
			);
			defaultConfigurationIsVisible = 0;
			defaultConfigurationName = Debug;
		};
/* End XCConfigurationList section */
	};
	rootObject = E87FB45716C8F491D8D28D45 /* Project object */;
}
